
Microsoft Visual Studio Solution File, Format Version 12.00
# Visual Studio Version 17
VisualStudioVersion = 17.7.34003.232
MinimumVisualStudioVersion = 10.0.40219.1
Project("{8BC9CEB8-8B4A-11D0-8D11-00A0C91BC942}") = "PG3_5-1", "PG3_5-1.vcxproj", "{D6EF8FC1-8FC9-4577-AE49-77FCC55EB979}"
EndProject
Global
	GlobalSection(SolutionConfigurationPlatforms) = preSolution
		Debug|x64 = Debug|x64
		Release|x64 = Release|x64
	EndGlobalSection
	GlobalSection(ProjectConfigurationPlatforms) = postSolution
		{D6EF8FC1-8FC9-4577-AE49-77FCC55EB979}.Debug|x64.ActiveCfg = Debug|x64
		{D6EF8FC1-8FC9-4577-AE49-77FCC55EB979}.Debug|x64.Build.0 = Debug|x64
		{D6EF8FC1-8FC9-4577-AE49-77FCC55EB979}.Release|x64.ActiveCfg = Release|x64
		{D6EF8FC1-8FC9-4577-AE49-77FCC55EB979}.Release|x64.Build.0 = Release|x64
	EndGlobalSection
	GlobalSection(SolutionProperties) = preSolution
		HideSolutionNode = FALSE
	EndGlobalSection
	GlobalSection(ExtensibilityGlobals) = postSolution
		SolutionGuid = {D9BB0235-7073-4BB6-8AF5-E674400A780E}
	EndGlobalSection
EndGlobal
